# THIS IS AN AUTOGENERATED FILE. DO NOT EDIT THIS FILE DIRECTLY.
# yarn lockfile v1


"@hapi/accept@^5.0.1":
  version "5.0.2"
  resolved "https://registry.npmmirror.com/@hapi/accept/-/accept-5.0.2.tgz#ab7043b037e68b722f93f376afb05e85c0699523"
  integrity sha512-CmzBx/bXUR8451fnZRuZAJRlzgm0Jgu5dltTX/bszmR2lheb9BpyN47Q1RbaGTsvFzn0PXAEs+lXDKfshccYZw==
  dependencies:
    "@hapi/boom" "9.x.x"
    "@hapi/hoek" "9.x.x"

"@hapi/accept@^6.0.0":
  version "6.0.0"
  resolved "https://registry.npmmirror.com/@hapi/accept/-/accept-6.0.0.tgz#360d6a12c7597489b19ad7830b41e3c38fe8c8c4"
  integrity sha512-aG/Ml4kSBWCVmWvR8N8ULRuB385D8K/3OI7lquZQruH11eM7sHR5Nha30BbDzijJHtyV7Vwc6MlMwNfwb70ISg==
  dependencies:
    "@hapi/boom" "^10.0.0"
    "@hapi/hoek" "^10.0.0"

"@hapi/ammo@5.x.x", "@hapi/ammo@^5.0.1":
  version "5.0.1"
  resolved "https://registry.npmmirror.com/@hapi/ammo/-/ammo-5.0.1.tgz#9d34560f5c214eda563d838c01297387efaab490"
  integrity sha512-FbCNwcTbnQP4VYYhLNGZmA76xb2aHg9AMPiy18NZyWMG310P5KdFGyA9v2rm5ujrIny77dEEIkMOwl0Xv+fSSA==
  dependencies:
    "@hapi/hoek" "9.x.x"

"@hapi/ammo@^6.0.0":
  version "6.0.0"
  resolved "https://registry.npmmirror.com/@hapi/ammo/-/ammo-6.0.0.tgz#da790bf5ad5d08b4b68569e57627466ddd60cb45"
  integrity sha512-lhX7SYtWScQaeAIL5XnE54WzyDgS5RXVeEtFEovyZcTdVzTYbo0nem56Bwko1PBcRxRUIw1v2tMb6sjFs6vEwg==
  dependencies:
    "@hapi/hoek" "^10.0.0"

"@hapi/b64@5.x.x":
  version "5.0.0"
  resolved "https://registry.npmmirror.com/@hapi/b64/-/b64-5.0.0.tgz#b8210cbd72f4774985e78569b77e97498d24277d"
  integrity sha512-ngu0tSEmrezoiIaNGG6rRvKOUkUuDdf4XTPnONHGYfSGRmDqPZX5oJL6HAdKTo1UQHECbdB4OzhWrfgVppjHUw==
  dependencies:
    "@hapi/hoek" "9.x.x"

"@hapi/b64@^6.0.0":
  version "6.0.0"
  resolved "https://registry.npmmirror.com/@hapi/b64/-/b64-6.0.0.tgz#1d6bd751568964d20649c2247abb80c2d1bcf56e"
  integrity sha512-Es6o4BtzvMmNF28KJGuwUzUtMjF6ToZ1hQt3UOjaXc6TNkRefel+NyQSjc9b5q3Re7xwv23r0xK3Vo3yreaJHQ==
  dependencies:
    "@hapi/hoek" "^10.0.0"

"@hapi/boom@9.x.x", "@hapi/boom@^9.0.0", "@hapi/boom@^9.1.0":
  version "9.1.4"
  resolved "https://registry.npmmirror.com/@hapi/boom/-/boom-9.1.4.tgz#1f9dad367c6a7da9f8def24b4a986fc5a7bd9db6"
  integrity sha512-Ls1oH8jaN1vNsqcaHVYJrKmgMcKsC1wcp8bujvXrHaAqD2iDYq3HoOwsxwo09Cuda5R5nC0o0IxlrlTuvPuzSw==
  dependencies:
    "@hapi/hoek" "9.x.x"

"@hapi/boom@^10.0.0":
  version "10.0.0"
  resolved "https://registry.npmmirror.com/@hapi/boom/-/boom-10.0.0.tgz#3624831d0a26b3378423b246f50eacea16e04a08"
  integrity sha512-1YVs9tLHhypBqqinKQRqh7FUERIolarQApO37OWkzD+z6y6USi871Sv746zBPKcIOBuI6g6y4FrwX87mmJ90Gg==
  dependencies:
    "@hapi/hoek" "10.x.x"

"@hapi/bounce@2.x.x", "@hapi/bounce@^2.0.0":
  version "2.0.0"
  resolved "https://registry.npmmirror.com/@hapi/bounce/-/bounce-2.0.0.tgz#e6ef56991c366b1e2738b2cd83b01354d938cf3d"
  integrity sha512-JesW92uyzOOyuzJKjoLHM1ThiOvHPOLDHw01YV8yh5nCso7sDwJho1h0Ad2N+E62bZyz46TG3xhAi/78Gsct6A==
  dependencies:
    "@hapi/boom" "9.x.x"
    "@hapi/hoek" "9.x.x"

"@hapi/bounce@^3.0.0":
  version "3.0.0"
  resolved "https://registry.npmmirror.com/@hapi/bounce/-/bounce-3.0.0.tgz#ba0594472775b75b802843805adffe59e3231d38"
  integrity sha512-L0G4NcwwOYRhpcXeL76hNrLTUcObqtZMB3z4kcRVUZcR/w3v6C5Q1cTElV4/V7og1fG+wOyDR55UMFA+tWfhtA==
  dependencies:
    "@hapi/boom" "^10.0.0"
    "@hapi/hoek" "^10.0.0"

"@hapi/bourne@2.x.x":
  version "2.1.0"
  resolved "https://registry.npmmirror.com/@hapi/bourne/-/bourne-2.1.0.tgz#66aff77094dc3080bd5df44ec63881f2676eb020"
  integrity sha512-i1BpaNDVLJdRBEKeJWkVO6tYX6DMFBuwMhSuWqLsY4ufeTKGVuV5rBsUhxPayXqnnWHgXUAmWK16H/ykO5Wj4Q==

"@hapi/bourne@^3.0.0":
  version "3.0.0"
  resolved "https://registry.npmmirror.com/@hapi/bourne/-/bourne-3.0.0.tgz#f11fdf7dda62fe8e336fa7c6642d9041f30356d7"
  integrity sha512-Waj1cwPXJDucOib4a3bAISsKJVb15MKi9IvmTI/7ssVEm6sywXGjVJDhl6/umt1pK1ZS7PacXU3A1PmFKHEZ2w==

"@hapi/call@^8.0.0":
  version "8.0.1"
  resolved "https://registry.npmmirror.com/@hapi/call/-/call-8.0.1.tgz#9e64cd8ba6128eb5be6e432caaa572b1ed8cd7c0"
  integrity sha512-bOff6GTdOnoe5b8oXRV3lwkQSb/LAWylvDMae6RgEWWntd0SHtkYbQukDHKlfaYtVnSAgIavJ0kqszF/AIBb6g==
  dependencies:
    "@hapi/boom" "9.x.x"
    "@hapi/hoek" "9.x.x"

"@hapi/call@^9.0.0":
  version "9.0.0"
  resolved "https://registry.npmmirror.com/@hapi/call/-/call-9.0.0.tgz#add16e7cb81933ae5b549f7e26e411ef803ebc98"
  integrity sha512-Z6byqbEtKF3RIH2kWG6cX64RwEqHBWYEVkNoEx6oKvkPaTrC6WTPRgr+ANo9Xa8G1GXyvs/NCMTnn3Mdj12TSA==
  dependencies:
    "@hapi/boom" "^10.0.0"
    "@hapi/hoek" "^10.0.0"

"@hapi/catbox-memory@^5.0.0":
  version "5.0.1"
  resolved "https://registry.npmmirror.com/@hapi/catbox-memory/-/catbox-memory-5.0.1.tgz#cb63fca0ded01d445a2573b38eb2688df67f70ac"
  integrity sha512-QWw9nOYJq5PlvChLWV8i6hQHJYfvdqiXdvTupJFh0eqLZ64Xir7mKNi96d5/ZMUAqXPursfNDIDxjFgoEDUqeQ==
  dependencies:
    "@hapi/boom" "9.x.x"
    "@hapi/hoek" "9.x.x"

"@hapi/catbox-memory@^6.0.0":
  version "6.0.0"
  resolved "https://registry.npmmirror.com/@hapi/catbox-memory/-/catbox-memory-6.0.0.tgz#928efa20d291a7b95920921cb0718fcd874a131c"
  integrity sha512-A1O30g8GdaODx/GinytF6jFm772pdTPVWJe0cF2RiTOfhgIAAagzCcpBqRgQ8olLui0F5bzUF/SAi4BmkZ4yxA==
  dependencies:
    "@hapi/boom" "^10.0.0"
    "@hapi/hoek" "^10.0.0"

"@hapi/catbox@^11.1.1":
  version "11.1.1"
  resolved "https://registry.npmmirror.com/@hapi/catbox/-/catbox-11.1.1.tgz#d277e2d5023fd69cddb33d05b224ea03065fec0c"
  integrity sha512-u/8HvB7dD/6X8hsZIpskSDo4yMKpHxFd7NluoylhGrL6cUfYxdQPnvUp9YU2C6F9hsyBVLGulBd9vBN1ebfXOQ==
  dependencies:
    "@hapi/boom" "9.x.x"
    "@hapi/hoek" "9.x.x"
    "@hapi/podium" "4.x.x"
    "@hapi/validate" "1.x.x"

"@hapi/catbox@^12.0.0":
  version "12.1.0"
  resolved "https://registry.npmmirror.com/@hapi/catbox/-/catbox-12.1.0.tgz#4119e580cb9a2be6d88d74ca901ed21f94f2bc6c"
  integrity sha512-60MCN5lgaXcuRTjMZqLR+DV0clS5RAFAwfYAQU2/na6PqrXHDRQcJwVMwP7jJayCrJm4POJlLDzZLuh1ba5XUg==
  dependencies:
    "@hapi/boom" "^10.0.0"
    "@hapi/hoek" "^10.0.0"
    "@hapi/podium" "^5.0.0"
    "@hapi/validate" "^2.0.0"

"@hapi/content@^5.0.2":
  version "5.0.2"
  resolved "https://registry.npmmirror.com/@hapi/content/-/content-5.0.2.tgz#ae57954761de570392763e64cdd75f074176a804"
  integrity sha512-mre4dl1ygd4ZyOH3tiYBrOUBzV7Pu/EOs8VLGf58vtOEECWed8Uuw6B4iR9AN/8uQt42tB04qpVaMyoMQh0oMw==
  dependencies:
    "@hapi/boom" "9.x.x"

"@hapi/content@^6.0.0":
  version "6.0.0"
  resolved "https://registry.npmmirror.com/@hapi/content/-/content-6.0.0.tgz#2427af3bac8a2f743512fce2a70cbdc365af29df"
  integrity sha512-CEhs7j+H0iQffKfe5Htdak5LBOz/Qc8TRh51cF+BFv0qnuph3Em4pjGVzJMkI2gfTDdlJKWJISGWS1rK34POGA==
  dependencies:
    "@hapi/boom" "^10.0.0"

"@hapi/cryptiles@5.x.x":
  version "5.1.0"
  resolved "https://registry.npmmirror.com/@hapi/cryptiles/-/cryptiles-5.1.0.tgz#655de4cbbc052c947f696148c83b187fc2be8f43"
  integrity sha512-fo9+d1Ba5/FIoMySfMqPBR/7Pa29J2RsiPrl7bkwo5W5o+AN1dAYQRi4SPrPwwVxVGKjgLOEWrsvt1BonJSfLA==
  dependencies:
    "@hapi/boom" "9.x.x"

"@hapi/cryptiles@^6.0.0":
  version "6.0.0"
  resolved "https://registry.npmmirror.com/@hapi/cryptiles/-/cryptiles-6.0.0.tgz#730294830b04de9a35a83d7609eb67338dae6c5e"
  integrity sha512-CUypQJI2F3HaKZjwlky3KyLu7p0O4WJXNJj+2AZ0czqwkwQIz8j+btOkzA3OMar8WTntnCrDx0f92PzxEK+JlA==
  dependencies:
    "@hapi/boom" "^10.0.0"

"@hapi/file@2.x.x":
  version "2.0.0"
  resolved "https://registry.npmmirror.com/@hapi/file/-/file-2.0.0.tgz#2ecda37d1ae9d3078a67c13b7da86e8c3237dfb9"
  integrity sha512-WSrlgpvEqgPWkI18kkGELEZfXr0bYLtr16iIN4Krh9sRnzBZN6nnWxHFxtsnP684wueEySBbXPDg/WfA9xJdBQ==

"@hapi/file@^3.0.0":
  version "3.0.0"
  resolved "https://registry.npmmirror.com/@hapi/file/-/file-3.0.0.tgz#f1fd824493ac89a6fceaf89c824afc5ae2121c09"
  integrity sha512-w+lKW+yRrLhJu620jT3y+5g2mHqnKfepreykvdOcl9/6up8GrQQn+l3FRTsjHTKbkbfQFkuksHpdv2EcpKcJ4Q==

"@hapi/hapi@^20.1.2":
  version "20.2.2"
  resolved "https://registry.npmmirror.com/@hapi/hapi/-/hapi-20.2.2.tgz#5810efbf5c0aad367932e86d4066d82ac817e98c"
  integrity sha512-crhU6TIKt7QsksWLYctDBAXogk9PYAm7UzdpETyuBHC2pCa6/+B5NykiOVLG/3FCIgHo/raPVtan8bYtByHORQ==
  dependencies:
    "@hapi/accept" "^5.0.1"
    "@hapi/ammo" "^5.0.1"
    "@hapi/boom" "^9.1.0"
    "@hapi/bounce" "^2.0.0"
    "@hapi/call" "^8.0.0"
    "@hapi/catbox" "^11.1.1"
    "@hapi/catbox-memory" "^5.0.0"
    "@hapi/heavy" "^7.0.1"
    "@hapi/hoek" "^9.0.4"
    "@hapi/mimos" "^6.0.0"
    "@hapi/podium" "^4.1.1"
    "@hapi/shot" "^5.0.5"
    "@hapi/somever" "^3.0.0"
    "@hapi/statehood" "^7.0.4"
    "@hapi/subtext" "^7.0.3"
    "@hapi/teamwork" "^5.1.1"
    "@hapi/topo" "^5.0.0"
    "@hapi/validate" "^1.1.1"

"@hapi/hapi@^21.1.0":
  version "21.1.0"
  resolved "https://registry.npmmirror.com/@hapi/hapi/-/hapi-21.1.0.tgz#0936480a92a4c57f4f49004ac857fe41dcd7fadb"
  integrity sha512-het7j9yLXZMVU1IvtN2JXkPkn/UcU1j8gsZxMS0Mu1q7791IQeyhT37tpRPUhqerOtL6L0E8Z8CvVVFOYxoN6w==
  dependencies:
    "@hapi/accept" "^6.0.0"
    "@hapi/ammo" "^6.0.0"
    "@hapi/boom" "^10.0.0"
    "@hapi/bounce" "^3.0.0"
    "@hapi/call" "^9.0.0"
    "@hapi/catbox" "^12.0.0"
    "@hapi/catbox-memory" "^6.0.0"
    "@hapi/heavy" "^8.0.0"
    "@hapi/hoek" "^10.0.0"
    "@hapi/mimos" "^7.0.0"
    "@hapi/podium" "^5.0.0"
    "@hapi/shot" "^6.0.0"
    "@hapi/somever" "^4.1.0"
    "@hapi/statehood" "^8.0.0"
    "@hapi/subtext" "^8.0.0"
    "@hapi/teamwork" "^6.0.0"
    "@hapi/topo" "^6.0.0"
    "@hapi/validate" "^2.0.0"

"@hapi/heavy@^7.0.1":
  version "7.0.1"
  resolved "https://registry.npmmirror.com/@hapi/heavy/-/heavy-7.0.1.tgz#73315ae33b6e7682a0906b7a11e8ca70e3045874"
  integrity sha512-vJ/vzRQ13MtRzz6Qd4zRHWS3FaUc/5uivV2TIuExGTM9Qk+7Zzqj0e2G7EpE6KztO9SalTbiIkTh7qFKj/33cA==
  dependencies:
    "@hapi/boom" "9.x.x"
    "@hapi/hoek" "9.x.x"
    "@hapi/validate" "1.x.x"

"@hapi/heavy@^8.0.0":
  version "8.0.0"
  resolved "https://registry.npmmirror.com/@hapi/heavy/-/heavy-8.0.0.tgz#756c5170d1e8a9de10601489e250d00e1ecb5a49"
  integrity sha512-NpKo74mF66GSwYu31IZwp11/6NmaUYxHeMTKSky09XBs8fVbzQDP83856+l+Ji6wxGmUeg75itCu1ujvEF6mdA==
  dependencies:
    "@hapi/boom" "^10.0.0"
    "@hapi/hoek" "^10.0.0"
    "@hapi/validate" "^2.0.0"

"@hapi/hoek@10.x.x", "@hapi/hoek@^10.0.0":
  version "10.0.1"
  resolved "https://registry.npmmirror.com/@hapi/hoek/-/hoek-10.0.1.tgz#ee9da297fabc557e1c040a0f44ee89c266ccc306"
  integrity sha512-CvlW7jmOhWzuqOqiJQ3rQVLMcREh0eel4IBnxDx2FAcK8g7qoJRQK4L1CPBASoCY6y8e6zuCy3f2g+HWdkzcMw==

"@hapi/hoek@9.x.x", "@hapi/hoek@^9.0.0", "@hapi/hoek@^9.0.4":
  version "9.3.0"
  resolved "https://registry.npmmirror.com/@hapi/hoek/-/hoek-9.3.0.tgz#8368869dcb735be2e7f5cb7647de78e167a251fb"
  integrity sha512-/c6rf4UJlmHlC9b5BaNvzAcFv7HZ2QHaV0D4/HNlBdvFnvQq8RI4kYdhyPCl7Xj+oWvTWQ8ujhqS53LIgAe6KQ==

"@hapi/inert@^6.0.3":
  version "6.0.5"
  resolved "https://registry.npmmirror.com/@hapi/inert/-/inert-6.0.5.tgz#0c5a28e9b5a637d3d47419859bb7163d0b194a61"
  integrity sha512-eVAdUVhJLmmXLM/Zt7u5H5Vzazs9GKe4zfPK2b97ePHEfs3g/AQkxHfYQjJqMy11hvyB7a21Z6rBEA0R//dtXw==
  dependencies:
    "@hapi/ammo" "5.x.x"
    "@hapi/boom" "9.x.x"
    "@hapi/bounce" "2.x.x"
    "@hapi/hoek" "9.x.x"
    "@hapi/validate" "1.x.x"
    lru-cache "^6.0.0"

"@hapi/iron@6.x.x", "@hapi/iron@^6.0.0":
  version "6.0.0"
  resolved "https://registry.npmmirror.com/@hapi/iron/-/iron-6.0.0.tgz#ca3f9136cda655bdd6028de0045da0de3d14436f"
  integrity sha512-zvGvWDufiTGpTJPG1Y/McN8UqWBu0k/xs/7l++HVU535NLHXsHhy54cfEMdW7EjwKfbBfM9Xy25FmTiobb7Hvw==
  dependencies:
    "@hapi/b64" "5.x.x"
    "@hapi/boom" "9.x.x"
    "@hapi/bourne" "2.x.x"
    "@hapi/cryptiles" "5.x.x"
    "@hapi/hoek" "9.x.x"

"@hapi/iron@^7.0.0":
  version "7.0.0"
  resolved "https://registry.npmmirror.com/@hapi/iron/-/iron-7.0.0.tgz#8a69b3e4cd69e908baf23cfeeb6c06d27b53a3bc"
  integrity sha512-NNXJP5fpeiTCPj/4OJG2PWBjWC0/V5D8YggS9RZeuBbfUUuTYE6TbdGqLUsCzIpPI54I8W5dhwEGbRv1CnWQtw==
  dependencies:
    "@hapi/b64" "^6.0.0"
    "@hapi/boom" "^10.0.0"
    "@hapi/bourne" "^3.0.0"
    "@hapi/cryptiles" "^6.0.0"
    "@hapi/hoek" "^10.0.0"

"@hapi/mimos@^6.0.0":
  version "6.0.0"
  resolved "https://registry.npmmirror.com/@hapi/mimos/-/mimos-6.0.0.tgz#daa523d9c07222c7e8860cb7c9c5501fd6506484"
  integrity sha512-Op/67tr1I+JafN3R3XN5DucVSxKRT/Tc+tUszDwENoNpolxeXkhrJ2Czt6B6AAqrespHoivhgZBWYSuANN9QXg==
  dependencies:
    "@hapi/hoek" "9.x.x"
    mime-db "1.x.x"

"@hapi/mimos@^7.0.0":
  version "7.0.0"
  resolved "https://registry.npmmirror.com/@hapi/mimos/-/mimos-7.0.0.tgz#bbe4130bb0235e63d75718f9d8b8f7401532e217"
  integrity sha512-ALORTrZrrBPOUX05rW4htNajoekEjQtUi1PB+17/3xs/hkdQ+gSEFbs5GdJihA49qWf7td3v4PgnvOe8mcf/jQ==
  dependencies:
    "@hapi/hoek" "^10.0.0"
    mime-db "^1.52.0"

"@hapi/nigel@4.x.x":
  version "4.0.2"
  resolved "https://registry.npmmirror.com/@hapi/nigel/-/nigel-4.0.2.tgz#8f84ef4bca4fb03b2376463578f253b0b8e863c4"
  integrity sha512-ht2KoEsDW22BxQOEkLEJaqfpoKPXxi7tvabXy7B/77eFtOyG5ZEstfZwxHQcqAiZhp58Ae5vkhEqI03kawkYNw==
  dependencies:
    "@hapi/hoek" "^9.0.4"
    "@hapi/vise" "^4.0.0"

"@hapi/nigel@^5.0.0":
  version "5.0.0"
  resolved "https://registry.npmmirror.com/@hapi/nigel/-/nigel-5.0.0.tgz#f26c2be2d20d9b07df238b71544e80a7ecc7655e"
  integrity sha512-I9eq43BnSdz1BkvMpG7mFL7J+SIfn6DLNThuxFpIOAMUnkWbPgtcFP+HHrBAeoFkowfgQrr02vsIAkAPml4hvw==
  dependencies:
    "@hapi/hoek" "^10.0.0"
    "@hapi/vise" "^5.0.0"

"@hapi/pez@^5.0.1":
  version "5.0.3"
  resolved "https://registry.npmmirror.com/@hapi/pez/-/pez-5.0.3.tgz#b75446e6fef8cbb16816573ab7da1b0522e7a2a1"
  integrity sha512-mpikYRJjtrbJgdDHG/H9ySqYqwJ+QU/D7FXsYciS9P7NYBXE2ayKDAy3H0ou6CohOCaxPuTV4SZ0D936+VomHA==
  dependencies:
    "@hapi/b64" "5.x.x"
    "@hapi/boom" "9.x.x"
    "@hapi/content" "^5.0.2"
    "@hapi/hoek" "9.x.x"
    "@hapi/nigel" "4.x.x"

"@hapi/pez@^6.0.0":
  version "6.0.0"
  resolved "https://registry.npmmirror.com/@hapi/pez/-/pez-6.0.0.tgz#eb80329439436732acf4f331117c825b95329211"
  integrity sha512-3bMmsvlqrVNqaNEe4JWLZVpJ40jXuQ3vDy1+fbhyJmuAdMCMCkWexsKc7fT+mu18pFIwJzlenjc4/VE3weTq7w==
  dependencies:
    "@hapi/b64" "^6.0.0"
    "@hapi/boom" "^10.0.0"
    "@hapi/content" "^6.0.0"
    "@hapi/hoek" "^10.0.0"
    "@hapi/nigel" "^5.0.0"

"@hapi/podium@4.x.x", "@hapi/podium@^4.1.1", "@hapi/podium@^4.1.3":
  version "4.1.3"
  resolved "https://registry.npmmirror.com/@hapi/podium/-/podium-4.1.3.tgz#91e20838fc2b5437f511d664aabebbb393578a26"
  integrity sha512-ljsKGQzLkFqnQxE7qeanvgGj4dejnciErYd30dbrYzUOF/FyS/DOF97qcrT3bhoVwCYmxa6PEMhxfCPlnUcD2g==
  dependencies:
    "@hapi/hoek" "9.x.x"
    "@hapi/teamwork" "5.x.x"
    "@hapi/validate" "1.x.x"

"@hapi/podium@^5.0.0":
  version "5.0.0"
  resolved "https://registry.npmmirror.com/@hapi/podium/-/podium-5.0.0.tgz#b32fba98a0ebb0a1ee233cb77339da84322d77ae"
  integrity sha512-SbhFdu8LOIscMS82Zsoj9abcllAqbK4qBgznzJ9yr+vS2j1EomJTukkhxb76Lml0BHCd4Hn79F+3EQg06kcf8g==
  dependencies:
    "@hapi/hoek" "^10.0.0"
    "@hapi/teamwork" "^6.0.0"
    "@hapi/validate" "^2.0.0"

"@hapi/shot@^5.0.5":
  version "5.0.5"
  resolved "https://registry.npmmirror.com/@hapi/shot/-/shot-5.0.5.tgz#a25c23d18973bec93c7969c51bf9579632a5bebd"
  integrity sha512-x5AMSZ5+j+Paa8KdfCoKh+klB78otxF+vcJR/IoN91Vo2e5ulXIW6HUsFTCU+4W6P/Etaip9nmdAx2zWDimB2A==
  dependencies:
    "@hapi/hoek" "9.x.x"
    "@hapi/validate" "1.x.x"

"@hapi/shot@^6.0.0":
  version "6.0.0"
  resolved "https://registry.npmmirror.com/@hapi/shot/-/shot-6.0.0.tgz#ed87a26dcb25c930293ae690830d3479dbf4e75a"
  integrity sha512-RLGgzXy9GciJDunhY40NbVnLgYqp5gfBooZ2fOkAr4KbCEav/SJtYQS1N+knR7WFGzy8aooCR3XBUPI4ghHAkQ==
  dependencies:
    "@hapi/hoek" "^10.0.0"
    "@hapi/validate" "^2.0.0"

"@hapi/somever@^3.0.0":
  version "3.0.1"
  resolved "https://registry.npmmirror.com/@hapi/somever/-/somever-3.0.1.tgz#9961cd5bdbeb5bb1edc0b2acdd0bb424066aadcc"
  integrity sha512-4ZTSN3YAHtgpY/M4GOtHUXgi6uZtG9nEZfNI6QrArhK0XN/RDVgijlb9kOmXwCR5VclDSkBul9FBvhSuKXx9+w==
  dependencies:
    "@hapi/bounce" "2.x.x"
    "@hapi/hoek" "9.x.x"

"@hapi/somever@^4.1.0":
  version "4.1.0"
  resolved "https://registry.npmmirror.com/@hapi/somever/-/somever-4.1.0.tgz#021f16da2a4f28924d520bfeeb8efca329b99fe1"
  integrity sha512-koNBYu7Jdcb7gaC4VcnU78rFxSlsYwuElm6NMznE0EEeznzJtvLLmDZX0SPX8kXWC/E7ONlE29HF/yiSOgWG1Q==
  dependencies:
    "@hapi/bounce" "^3.0.0"
    "@hapi/hoek" "^9.0.0"

"@hapi/statehood@^7.0.4":
  version "7.0.4"
  resolved "https://registry.npmmirror.com/@hapi/statehood/-/statehood-7.0.4.tgz#6acb9d0817b5c657089356f7d9fd60af0bce4f41"
  integrity sha512-Fia6atroOVmc5+2bNOxF6Zv9vpbNAjEXNcUbWXavDqhnJDlchwUUwKS5LCi5mGtCTxRhUKKHwuxuBZJkmLZ7fw==
  dependencies:
    "@hapi/boom" "9.x.x"
    "@hapi/bounce" "2.x.x"
    "@hapi/bourne" "2.x.x"
    "@hapi/cryptiles" "5.x.x"
    "@hapi/hoek" "9.x.x"
    "@hapi/iron" "6.x.x"
    "@hapi/validate" "1.x.x"

"@hapi/statehood@^8.0.0":
  version "8.0.0"
  resolved "https://registry.npmmirror.com/@hapi/statehood/-/statehood-8.0.0.tgz#ca0b1c1ddeece82f4981a01d95e0d963f39c7cae"
  integrity sha512-umQTPID7BwmqAv9Rx7yLtbTNzsYg4va96aLqKneb3mlBQG32uq4iOQZ6luwBVACDFhqU3C3ewhznhukN09ZkZQ==
  dependencies:
    "@hapi/boom" "^10.0.0"
    "@hapi/bounce" "^3.0.0"
    "@hapi/bourne" "^3.0.0"
    "@hapi/cryptiles" "^6.0.0"
    "@hapi/hoek" "^10.0.0"
    "@hapi/iron" "^7.0.0"
    "@hapi/validate" "^2.0.0"

"@hapi/subtext@^7.0.3":
  version "7.0.4"
  resolved "https://registry.npmmirror.com/@hapi/subtext/-/subtext-7.0.4.tgz#aa46e4b45aad8115938334d5a3620a17b3b33ee5"
  integrity sha512-Y72moHhbRuO8kwBHFEnCRw7oOnhNh4Pl+aonxAze18jkyMpE4Gwz4lNID7ei8vd3lpXC2rKdkxXJgtfY+WttRw==
  dependencies:
    "@hapi/boom" "9.x.x"
    "@hapi/bourne" "2.x.x"
    "@hapi/content" "^5.0.2"
    "@hapi/file" "2.x.x"
    "@hapi/hoek" "9.x.x"
    "@hapi/pez" "^5.0.1"
    "@hapi/wreck" "17.x.x"

"@hapi/subtext@^8.0.0":
  version "8.0.0"
  resolved "https://registry.npmmirror.com/@hapi/subtext/-/subtext-8.0.0.tgz#40ca7303f141a19b6b1db997660a68ab64a03494"
  integrity sha512-fD+LY1U1SIUNHZJrNMIbuGl3CAd9JN8slljarFO4b8RrifkzjqbvdlZu/6iT6zlNM35GtDExf7hIepbUFUkT7A==
  dependencies:
    "@hapi/boom" "^10.0.0"
    "@hapi/bourne" "^3.0.0"
    "@hapi/content" "^6.0.0"
    "@hapi/file" "^3.0.0"
    "@hapi/hoek" "^10.0.0"
    "@hapi/pez" "^6.0.0"
    "@hapi/wreck" "^18.0.0"

"@hapi/teamwork@5.x.x", "@hapi/teamwork@^5.1.1":
  version "5.1.1"
  resolved "https://registry.npmmirror.com/@hapi/teamwork/-/teamwork-5.1.1.tgz#4d2ba3cac19118a36c44bf49a3a47674de52e4e4"
  integrity sha512-1oPx9AE5TIv+V6Ih54RP9lTZBso3rP8j4Xhb6iSVwPXtAM+sDopl5TFMv5Paw73UnpZJ9gjcrTE1BXrWt9eQrg==

"@hapi/teamwork@^6.0.0":
  version "6.0.0"
  resolved "https://registry.npmmirror.com/@hapi/teamwork/-/teamwork-6.0.0.tgz#b3a173cf811ba59fc6ee22318a1b51f4561f06e0"
  integrity sha512-05HumSy3LWfXpmJ9cr6HzwhAavrHkJ1ZRCmNE2qJMihdM5YcWreWPfyN0yKT2ZjCM92au3ZkuodjBxOibxM67A==

"@hapi/topo@^5.0.0":
  version "5.1.0"
  resolved "https://registry.npmmirror.com/@hapi/topo/-/topo-5.1.0.tgz#dc448e332c6c6e37a4dc02fd84ba8d44b9afb012"
  integrity sha512-foQZKJig7Ob0BMAYBfcJk8d77QtOe7Wo4ox7ff1lQYoNNAb6jwcY1ncdoy2e9wQZzvNy7ODZCYJkK8kzmcAnAg==
  dependencies:
    "@hapi/hoek" "^9.0.0"

"@hapi/topo@^6.0.0":
  version "6.0.0"
  resolved "https://registry.npmmirror.com/@hapi/topo/-/topo-6.0.0.tgz#6548e23e0a3d3b117eb0671dba49f654c9224c21"
  integrity sha512-aorJvN1Q1n5xrZuA50Z4X6adI6VAM2NalIVm46ALL9LUvdoqhof3JPY69jdJH8asM3PsWr2SUVYzp57EqUP41A==
  dependencies:
    "@hapi/hoek" "^10.0.0"

"@hapi/validate@1.x.x", "@hapi/validate@^1.1.1":
  version "1.1.3"
  resolved "https://registry.npmmirror.com/@hapi/validate/-/validate-1.1.3.tgz#f750a07283929e09b51aa16be34affb44e1931ad"
  integrity sha512-/XMR0N0wjw0Twzq2pQOzPBZlDzkekGcoCtzO314BpIEsbXdYGthQUbxgkGDf4nhk1+IPDAsXqWjMohRQYO06UA==
  dependencies:
    "@hapi/hoek" "^9.0.0"
    "@hapi/topo" "^5.0.0"

"@hapi/validate@^2.0.0":
  version "2.0.0"
  resolved "https://registry.npmmirror.com/@hapi/validate/-/validate-2.0.0.tgz#16595de18b2c29621f06f4b29dcc39750c4b94a3"
  integrity sha512-w5m8MvBgqGndbMIB+AWmXTb8CLtF1DlIxbnbAHNAo7aFuNQuI1Ywc2e0zDLK5fbFXDoqRzNrHnC7JjNJ+hDigw==
  dependencies:
    "@hapi/hoek" "^10.0.0"
    "@hapi/topo" "^6.0.0"

"@hapi/vise@^4.0.0":
  version "4.0.0"
  resolved "https://registry.npmmirror.com/@hapi/vise/-/vise-4.0.0.tgz#c6a94fe121b94a53bf99e7489f7fcc74c104db02"
  integrity sha512-eYyLkuUiFZTer59h+SGy7hUm+qE9p+UemePTHLlIWppEd+wExn3Df5jO04bFQTm7nleF5V8CtuYQYb+VFpZ6Sg==
  dependencies:
    "@hapi/hoek" "9.x.x"

"@hapi/vise@^5.0.0":
  version "5.0.0"
  resolved "https://registry.npmmirror.com/@hapi/vise/-/vise-5.0.0.tgz#d10f393a61cfecdb1a3d5ac1546c2c3293413777"
  integrity sha512-bz/PA7DHIvsd/2eoW7t9WpU8+k9pofZHppYEn1mCTOVnC/cGN3hCEYaoAe6BpoeJM72iJDKZEOWvQvfgCrmzxA==
  dependencies:
    "@hapi/hoek" "^10.0.0"

"@hapi/wreck@17.x.x":
  version "17.2.0"
  resolved "https://registry.npmmirror.com/@hapi/wreck/-/wreck-17.2.0.tgz#a5b69b724fa8fa25550fb02f55c649becfc59f63"
  integrity sha512-pJ5kjYoRPYDv+eIuiLQqhGon341fr2bNIYZjuotuPJG/3Ilzr/XtI+JAp0A86E2bYfsS3zBPABuS2ICkaXFT8g==
  dependencies:
    "@hapi/boom" "9.x.x"
    "@hapi/bourne" "2.x.x"
    "@hapi/hoek" "9.x.x"

"@hapi/wreck@^18.0.0":
  version "18.0.0"
  resolved "https://registry.npmmirror.com/@hapi/wreck/-/wreck-18.0.0.tgz#73da0a238ef5bc45197b4a5fee3b6901d64dd381"
  integrity sha512-Yk9STxoM06Hjjq58cH0KFG91u9F2h9eVE72o8vUr3AfK80qt7I2POG5+cDGTEntbnvvzm0ERow2sjG3QsqCWUA==
  dependencies:
    "@hapi/boom" "^10.0.0"
    "@hapi/bourne" "^3.0.0"
    "@hapi/hoek" "^10.0.0"

"@sideway/address@^4.1.3":
  version "4.1.4"
  resolved "https://registry.npmmirror.com/@sideway/address/-/address-4.1.4.tgz#03dccebc6ea47fdc226f7d3d1ad512955d4783f0"
  integrity sha512-7vwq+rOHVWjyXxVlR76Agnvhy8I9rpzjosTESvmhNeXOXdZZB15Fl+TI9x1SiHZH5Jv2wTGduSxFDIaq0m3DUw==
  dependencies:
    "@hapi/hoek" "^9.0.0"

"@sideway/formula@^3.0.0":
  version "3.0.1"
  resolved "https://registry.npmmirror.com/@sideway/formula/-/formula-3.0.1.tgz#80fcbcbaf7ce031e0ef2dd29b1bfc7c3f583611f"
  integrity sha512-/poHZJJVjx3L+zVD6g9KgHfYnb443oi7wLu/XKojDviHy6HOEOA6z1Trk5aR1dGcmPenJEgb2sK2I80LeS3MIg==

"@sideway/pinpoint@^2.0.0":
  version "2.0.0"
  resolved "https://registry.npmmirror.com/@sideway/pinpoint/-/pinpoint-2.0.0.tgz#cff8ffadc372ad29fd3f78277aeb29e632cc70df"
  integrity sha512-RNiOoTPkptFtSVzQevY/yWtZwf/RxyVnPy/OcA9HBM3MlGDnBEYL5B41H0MTn0Uec8Hi+2qUtTfG2WWZBmMejQ==

"@types/fs-extra@^9.0.11":
  version "9.0.13"
  resolved "https://registry.npmmirror.com/@types/fs-extra/-/fs-extra-9.0.13.tgz#7594fbae04fe7f1918ce8b3d213f74ff44ac1f45"
  integrity sha512-nEnwB++1u5lVDM2UI4c1+5R+FYaKfaAzS4OococimjVm3nQw3TuzH5UNsocrcTBbhnerblyHj4A49qXbIiZdpA==
  dependencies:
    "@types/node" "*"

"@types/hapi__catbox@*":
  version "10.2.4"
  resolved "https://registry.npmmirror.com/@types/hapi__catbox/-/hapi__catbox-10.2.4.tgz#4d0531a6c2d0e45024f724020d536041ef8ffe30"
  integrity sha512-A6ivRrXD5glmnJna1UAGw87QNZRp/vdFO9U4GS+WhOMWzHnw+oTGkMvg0g6y1930CbeheGOCm7A1qHsqH7AXqg==

"@types/hapi__hapi@^20.0.8":
  version "20.0.13"
  resolved "https://registry.npmmirror.com/@types/hapi__hapi/-/hapi__hapi-20.0.13.tgz#ea8ce83c192f6e8106f6e76e40f795e7e36d0615"
  integrity sha512-LP4IPfhIO5ZPVOrJo7H8c8Slc0WYTFAUNQX1U0LBPKyXioXhH5H2TawIgxKujIyOhbwoBbpvOsBf6o5+ToJIrQ==
  dependencies:
    "@hapi/boom" "^9.0.0"
    "@hapi/iron" "^6.0.0"
    "@hapi/podium" "^4.1.3"
    "@types/hapi__catbox" "*"
    "@types/hapi__mimos" "*"
    "@types/hapi__shot" "*"
    "@types/node" "*"
    joi "^17.3.0"

"@types/hapi__inert@^5.2.2":
  version "5.2.4"
  resolved "https://registry.npmmirror.com/@types/hapi__inert/-/hapi__inert-5.2.4.tgz#355982e0817b104cb4e68bd6d05795792b82560c"
  integrity sha512-rEzk6l1UW4hG06IG4iw13r6KPtX7vuTChaG9+QEuwD61wnPkS2CJ0an6CnvGH7jf8S6xMDM/PiIOAuOZwoyysw==
  dependencies:
    "@hapi/hapi" "^21.1.0"
    joi "^17.7.0"

"@types/hapi__mimos@*":
  version "4.1.4"
  resolved "https://registry.npmmirror.com/@types/hapi__mimos/-/hapi__mimos-4.1.4.tgz#4f8a1c58345fc468553708d3cb508724aa081bd9"
  integrity sha512-i9hvJpFYTT/qzB5xKWvDYaSXrIiNqi4ephi+5Lo6+DoQdwqPXQgmVVOZR+s3MBiHoFqsCZCX9TmVWG3HczmTEQ==
  dependencies:
    "@types/mime-db" "*"

"@types/hapi__shot@*":
  version "4.1.2"
  resolved "https://registry.npmmirror.com/@types/hapi__shot/-/hapi__shot-4.1.2.tgz#d4011999a91e8101030fece1462fe99769455855"
  integrity sha512-8wWgLVP1TeGqgzZtCdt+F+k15DWQvLG1Yv6ZzPfb3D5WIo5/S+GGKtJBVo2uNEcqabP5Ifc71QnJTDnTmw1axA==
  dependencies:
    "@types/node" "*"

"@types/mime-db@*":
  version "1.43.1"
  resolved "https://registry.npmmirror.com/@types/mime-db/-/mime-db-1.43.1.tgz#c2a0522453bb9b6e84ee48b7eef765d19bcd519e"
  integrity sha512-kGZJY+R+WnR5Rk+RPHUMERtb2qBRViIHCBdtUrY+NmwuGb8pQdfTqQiCKPrxpdoycl8KWm2DLdkpoSdt479XoQ==

"@types/node@*":
  version "18.11.18"
  resolved "https://registry.npmmirror.com/@types/node/-/node-18.11.18.tgz#8dfb97f0da23c2293e554c5a50d61ef134d7697f"
  integrity sha512-DHQpWGjyQKSHj3ebjFI/wRKcqQcdR+MoFBygntYOZytCqNfkd2ZC4ARDJ2DQqhjH5p85Nnd3jhUJIXrszFX/JA==

"@types/node@^15.0.2":
  version "15.14.9"
  resolved "https://registry.npmmirror.com/@types/node/-/node-15.14.9.tgz#bc43c990c3c9be7281868bbc7b8fdd6e2b57adfa"
  integrity sha512-qjd88DrCxupx/kJD5yQgZdcYKZKSIGBVDIBE1/LTGcNm3d2Np/jxojkdePDdfnBHJc5W7vSMpbJ1aB7p/Py69A==

arg@^4.1.0:
  version "4.1.3"
  resolved "https://registry.npmmirror.com/arg/-/arg-4.1.3.tgz#269fc7ad5b8e42cb63c896d5666017261c144089"
  integrity sha512-58S9QDqG0Xx27YwPSt9fJxivjYl432YCwfDMfZ+71RAqUrZef7LrKQZ3LHLOwCS4FLNBplP533Zx895SeOCHvA==

buffer-from@^1.0.0:
  version "1.1.2"
  resolved "https://registry.npmmirror.com/buffer-from/-/buffer-from-1.1.2.tgz#2b146a6fd72e80b4f55d255f35ed59a3a9a41bd5"
  integrity sha512-E+XQCRwSbaaiChtv6k6Dwgc+bx+Bs6vuKJHHl5kox/BaKbhiXzqQOwK4cO22yElGp2OCmjwVhT3HmxgyPGnJfQ==

create-require@^1.1.0:
  version "1.1.1"
  resolved "https://registry.npmmirror.com/create-require/-/create-require-1.1.1.tgz#c1d7e8f1e5f6cfc9ff65f9cd352d37348756c333"
  integrity sha512-dcKFX3jn0MpIaXjisoRvexIJVEKzaq7z2rZKxf+MSr9TkdmHmsU4m2lcLojrj/FHl8mk5VxMmYA+ftRkP/3oKQ==

diff@^4.0.1:
  version "4.0.2"
  resolved "https://registry.npmmirror.com/diff/-/diff-4.0.2.tgz#60f3aecb89d5fae520c11aa19efc2bb982aade7d"
  integrity sha512-58lmxKSA4BNyLz+HHMUzlOEpg09FV+ev6ZMe3vJihgdxzgcwZ8VoEEPmALCZG9LmqfVoNMMKpttIYTVG6uDY7A==

fs-extra@^10.0.0:
  version "10.1.0"
  resolved "https://registry.npmmirror.com/fs-extra/-/fs-extra-10.1.0.tgz#02873cfbc4084dde127eaa5f9905eef2325d1abf"
  integrity sha512-oRXApq54ETRj4eMiFzGnHWGy+zo5raudjuxN0b8H7s/RU2oW0Wvsx9O0ACRN/kRq9E8Vu/ReskGB5o3ji+FzHQ==
  dependencies:
    graceful-fs "^4.2.0"
    jsonfile "^6.0.1"
    universalify "^2.0.0"

graceful-fs@^4.1.6, graceful-fs@^4.2.0:
  version "4.2.10"
  resolved "https://registry.npmmirror.com/graceful-fs/-/graceful-fs-4.2.10.tgz#147d3a006da4ca3ce14728c7aefc287c367d7a6c"
  integrity sha512-9ByhssR2fPVsNZj478qUUbKfmL0+t5BDVyjShtyZZLiK7ZDAArFFfopyOTj0M05wE2tJPisA4iTnnXl2YoPvOA==

joi@^17.3.0, joi@^17.7.0:
  version "17.7.0"
  resolved "https://registry.npmmirror.com/joi/-/joi-17.7.0.tgz#591a33b1fe1aca2bc27f290bcad9b9c1c570a6b3"
  integrity sha512-1/ugc8djfn93rTE3WRKdCzGGt/EtiYKxITMO4Wiv6q5JL1gl9ePt4kBsl1S499nbosspfctIQTpYIhSmHA3WAg==
  dependencies:
    "@hapi/hoek" "^9.0.0"
    "@hapi/topo" "^5.0.0"
    "@sideway/address" "^4.1.3"
    "@sideway/formula" "^3.0.0"
    "@sideway/pinpoint" "^2.0.0"

jsonfile@^6.0.1:
  version "6.1.0"
  resolved "https://registry.npmmirror.com/jsonfile/-/jsonfile-6.1.0.tgz#bc55b2634793c679ec6403094eb13698a6ec0aae"
  integrity sha512-5dgndWOriYSm5cnYaJNhalLNDKOqFwyDB/rr1E9ZsGciGvKPs8R2xYGCacuf3z6K1YKDz182fd+fY3cn3pMqXQ==
  dependencies:
    universalify "^2.0.0"
  optionalDependencies:
    graceful-fs "^4.1.6"

lru-cache@^6.0.0:
  version "6.0.0"
  resolved "https://registry.npmmirror.com/lru-cache/-/lru-cache-6.0.0.tgz#6d6fe6570ebd96aaf90fcad1dafa3b2566db3a94"
  integrity sha512-Jo6dJ04CmSjuznwJSS3pUeWmd/H0ffTlkXXgwZi+eq1UCmqQwCh+eLsYOYCwY991i2Fah4h1BEMCx4qThGbsiA==
  dependencies:
    yallist "^4.0.0"

make-error@^1.1.1:
  version "1.3.6"
  resolved "https://registry.npmmirror.com/make-error/-/make-error-1.3.6.tgz#2eb2e37ea9b67c4891f684a1394799af484cf7a2"
  integrity sha512-s8UhlNe7vPKomQhC1qFelMokr/Sc3AgNbso3n74mVPA5LTZwkB9NlXf4XPamLxJE8h0gh73rM94xvwRT2CVInw==

mime-db@1.x.x, mime-db@^1.52.0:
  version "1.52.0"
  resolved "https://registry.npmmirror.com/mime-db/-/mime-db-1.52.0.tgz#bbabcdc02859f4987301c856e3387ce5ec43bf70"
  integrity sha512-sPU4uV7dYlvtWJxwwxHD0PuihVNiE7TyAbQ5SWxDCB9mUYvOgroQOwYQQOKPJ8CIbE+1ETVlOoK1UC2nU3gYvg==

source-map-support@^0.5.17:
  version "0.5.21"
  resolved "https://registry.npmmirror.com/source-map-support/-/source-map-support-0.5.21.tgz#04fe7c7f9e1ed2d662233c28cb2b35b9f63f6e4f"
  integrity sha512-uBHU3L3czsIyYXKX88fdrGovxdSCoTGDRZ6SYXtSRxLZUzHg5P/66Ht6uoUlHu9EZod+inXhKo3qQgwXUT/y1w==
  dependencies:
    buffer-from "^1.0.0"
    source-map "^0.6.0"

source-map@^0.6.0:
  version "0.6.1"
  resolved "https://registry.npmmirror.com/source-map/-/source-map-0.6.1.tgz#74722af32e9614e9c287a8d0bbde48b5e2f1a263"
  integrity sha512-UjgapumWlbMhkBgzT7Ykc5YXUT46F0iKu8SGXq0bcwP5dz/h0Plj6enJqjz1Zbq2l5WaqYnrVbwWOWMyF3F47g==

source-map@^0.7.3:
  version "0.7.4"
  resolved "https://registry.npmmirror.com/source-map/-/source-map-0.7.4.tgz#a9bbe705c9d8846f4e08ff6765acf0f1b0898656"
  integrity sha512-l3BikUxvPOcn5E74dZiq5BGsTb5yEwhaTSzccU6t4sDOH8NWJCstKO5QT2CvtFoK6F0saL7p9xHAqHOlCPJygA==

ts-node@^9.1.1:
  version "9.1.1"
  resolved "https://registry.npmmirror.com/ts-node/-/ts-node-9.1.1.tgz#51a9a450a3e959401bda5f004a72d54b936d376d"
  integrity sha512-hPlt7ZACERQGf03M253ytLY3dHbGNGrAq9qIHWUY9XHYl1z7wYngSr3OQ5xmui8o2AaxsONxIzjafLUiWBo1Fg==
  dependencies:
    arg "^4.1.0"
    create-require "^1.1.0"
    diff "^4.0.1"
    make-error "^1.1.1"
    source-map-support "^0.5.17"
    yn "3.1.1"

typescript@^4.2.4:
  version "4.9.4"
  resolved "https://registry.npmmirror.com/typescript/-/typescript-4.9.4.tgz#a2a3d2756c079abda241d75f149df9d561091e78"
  integrity sha512-Uz+dTXYzxXXbsFpM86Wh3dKCxrQqUcVMxwU54orwlJjOpO3ao8L7j5lH+dWfTwgCwIuM9GQ2kvVotzYJMXTBZg==

universalify@^2.0.0:
  version "2.0.0"
  resolved "https://registry.npmmirror.com/universalify/-/universalify-2.0.0.tgz#75a4984efedc4b08975c5aeb73f530d02df25717"
  integrity sha512-hAZsKq7Yy11Zu1DE0OzWjw7nnLZmJZYTDZZyEFHZdUhV8FkH5MCfoU1XMaxXovpyW5nq5scPqq0ZDP9Zyl04oQ==

yallist@^4.0.0:
  version "4.0.0"
  resolved "https://registry.npmmirror.com/yallist/-/yallist-4.0.0.tgz#9bb92790d9c0effec63be73519e11a35019a3a72"
  integrity sha512-3wdGidZyq5PB084XLES5TpOSRA3wjXAlIWMhum2kRcv/41Sn2emQ0dycQW4uZXLejwKvg6EsvbdlVL+FYEct7A==

yn@3.1.1:
  version "3.1.1"
  resolved "https://registry.npmmirror.com/yn/-/yn-3.1.1.tgz#1e87401a09d767c1d5eab26a6e4c185182d2eb50"
  integrity sha512-Ux4ygGWsu2c7isFWe8Yu1YluJmqVhxqK2cLXNQA5AcC3QfbGNpM7fu0Y8b/z16pXLnFxZYvWhd3fhBY9DLmC6Q==
